// !$*UTF8*$!
{
	archiveVersion = 1;
	classes = {
	};
	objectVersion = 50;
	objects = {

/* Begin PBXBuildFile section */
		5F01936D263C350400EEF0E2 /* ActiveView.swift in Sources */ = {isa = PBXBuildFile; fileRef = 5F01936C263C350400EEF0E2 /* ActiveView.swift */; };
		5F01936F263C410900EEF0E2 /* Repeater.swift in Sources */ = {isa = PBXBuildFile; fileRef = 5F01936E263C410900EEF0E2 /* Repeater.swift */; };
		5F019371263C485D00EEF0E2 /* TimebombView.swift in Sources */ = {isa = PBXBuildFile; fileRef = 5F019370263C485D00EEF0E2 /* TimebombView.swift */; };
		5F22DA9E26375D9F00F1CE70 /* AddAlarmView.swift in Sources */ = {isa = PBXBuildFile; fileRef = 5F22DA9D26375D9F00F1CE70 /* AddAlarmView.swift */; };
		5F22DAA02637707A00F1CE70 /* AddGroupView.swift in Sources */ = {isa = PBXBuildFile; fileRef = 5F22DA9F2637707A00F1CE70 /* AddGroupView.swift */; };
		5F22DAA22637708500F1CE70 /* AddTimebombView.swift in Sources */ = {isa = PBXBuildFile; fileRef = 5F22DAA12637708500F1CE70 /* AddTimebombView.swift */; };
		5F22DAA42637708E00F1CE70 /* AddRepeaterView.swift in Sources */ = {isa = PBXBuildFile; fileRef = 5F22DAA32637708E00F1CE70 /* AddRepeaterView.swift */; };
		5F22DAA6263869AC00F1CE70 /* Timebomb.swift in Sources */ = {isa = PBXBuildFile; fileRef = 5F22DAA5263869AC00F1CE70 /* Timebomb.swift */; };
		5F5B8F4A261CB31600A1E4E9 /* AlarmView.swift in Sources */ = {isa = PBXBuildFile; fileRef = 5F5B8F49261CB31600A1E4E9 /* AlarmView.swift */; };
		5F5B92DE25FA75BE00AE8F0A /* AppDelegate.swift in Sources */ = {isa = PBXBuildFile; fileRef = 5F5B92DD25FA75BE00AE8F0A /* AppDelegate.swift */; };
		5F5B92E025FA75BE00AE8F0A /* SceneDelegate.swift in Sources */ = {isa = PBXBuildFile; fileRef = 5F5B92DF25FA75BE00AE8F0A /* SceneDelegate.swift */; };
		5F5B92E225FA75BE00AE8F0A /* ContentView.swift in Sources */ = {isa = PBXBuildFile; fileRef = 5F5B92E125FA75BE00AE8F0A /* ContentView.swift */; };
		5F5B92E425FA75C000AE8F0A /* Assets.xcassets in Resources */ = {isa = PBXBuildFile; fileRef = 5F5B92E325FA75C000AE8F0A /* Assets.xcassets */; };
		5F5B92E725FA75C000AE8F0A /* Preview Assets.xcassets in Resources */ = {isa = PBXBuildFile; fileRef = 5F5B92E625FA75C000AE8F0A /* Preview Assets.xcassets */; };
		5F5B92F525FA75C000AE8F0A /* BellbirdTests.swift in Sources */ = {isa = PBXBuildFile; fileRef = 5F5B92F425FA75C000AE8F0A /* BellbirdTests.swift */; };
		5F5B930025FA75C000AE8F0A /* BellbirdUITests.swift in Sources */ = {isa = PBXBuildFile; fileRef = 5F5B92FF25FA75C000AE8F0A /* BellbirdUITests.swift */; };
		5F73C423260BA67600D64D1B /* Alarm.swift in Sources */ = {isa = PBXBuildFile; fileRef = 5F73C422260BA67600D64D1B /* Alarm.swift */; };
		5F73C427260BAC9600D64D1B /* PassiveView.swift in Sources */ = {isa = PBXBuildFile; fileRef = 5F73C426260BAC9600D64D1B /* PassiveView.swift */; };
		5F73C429260BACBA00D64D1B /* GroupAlarmView.swift in Sources */ = {isa = PBXBuildFile; fileRef = 5F73C428260BACBA00D64D1B /* GroupAlarmView.swift */; };
		5F73C42D260BACD500D64D1B /* RepeaterView.swift in Sources */ = {isa = PBXBuildFile; fileRef = 5F73C42C260BACD500D64D1B /* RepeaterView.swift */; };
		5FA4EF38262E362D005FC93C /* GroupAlarm.swift in Sources */ = {isa = PBXBuildFile; fileRef = 5FA4EF37262E362D005FC93C /* GroupAlarm.swift */; };
		5FAB0321262F27B800477E12 /* LaunchScreen.storyboard in Resources */ = {isa = PBXBuildFile; fileRef = 5FAB0320262F27B800477E12 /* LaunchScreen.storyboard */; };
		5FC39A7B26275A8500447F82 /* DeleteButtonView.swift in Sources */ = {isa = PBXBuildFile; fileRef = 5FC39A7A26275A8500447F82 /* DeleteButtonView.swift */; };
		EF2653C026440E6E0074D968 /* LocalNotificationManager.swift in Sources */ = {isa = PBXBuildFile; fileRef = EF2653BF26440E6E0074D968 /* LocalNotificationManager.swift */; };
		EF2653C226441FD70074D968 /* blackbird.mp3 in Resources */ = {isa = PBXBuildFile; fileRef = EF2653C126441FD70074D968 /* blackbird.mp3 */; };
/* End PBXBuildFile section */

/* Begin PBXContainerItemProxy section */
		5F5B92F125FA75C000AE8F0A /* PBXContainerItemProxy */ = {
			isa = PBXContainerItemProxy;
			containerPortal = 5F5B92D225FA75BE00AE8F0A /* Project object */;
			proxyType = 1;
			remoteGlobalIDString = 5F5B92D925FA75BE00AE8F0A;
			remoteInfo = Bellbird;
		};
		5F5B92FC25FA75C000AE8F0A /* PBXContainerItemProxy */ = {
			isa = PBXContainerItemProxy;
			containerPortal = 5F5B92D225FA75BE00AE8F0A /* Project object */;
			proxyType = 1;
			remoteGlobalIDString = 5F5B92D925FA75BE00AE8F0A;
			remoteInfo = Bellbird;
		};
/* End PBXContainerItemProxy section */

/* Begin PBXFileReference section */
		5F01936C263C350400EEF0E2 /* ActiveView.swift */ = {isa = PBXFileReference; lastKnownFileType = sourcecode.swift; path = ActiveView.swift; sourceTree = "<group>"; };
		5F01936E263C410900EEF0E2 /* Repeater.swift */ = {isa = PBXFileReference; lastKnownFileType = sourcecode.swift; path = Repeater.swift; sourceTree = "<group>"; };
		5F019370263C485D00EEF0E2 /* TimebombView.swift */ = {isa = PBXFileReference; lastKnownFileType = sourcecode.swift; path = TimebombView.swift; sourceTree = "<group>"; };
		5F22DA9D26375D9F00F1CE70 /* AddAlarmView.swift */ = {isa = PBXFileReference; lastKnownFileType = sourcecode.swift; path = AddAlarmView.swift; sourceTree = "<group>"; };
		5F22DA9F2637707A00F1CE70 /* AddGroupView.swift */ = {isa = PBXFileReference; lastKnownFileType = sourcecode.swift; path = AddGroupView.swift; sourceTree = "<group>"; };
		5F22DAA12637708500F1CE70 /* AddTimebombView.swift */ = {isa = PBXFileReference; lastKnownFileType = sourcecode.swift; path = AddTimebombView.swift; sourceTree = "<group>"; };
		5F22DAA32637708E00F1CE70 /* AddRepeaterView.swift */ = {isa = PBXFileReference; lastKnownFileType = sourcecode.swift; path = AddRepeaterView.swift; sourceTree = "<group>"; };
		5F22DAA5263869AC00F1CE70 /* Timebomb.swift */ = {isa = PBXFileReference; lastKnownFileType = sourcecode.swift; path = Timebomb.swift; sourceTree = "<group>"; };
		5F5B8F49261CB31600A1E4E9 /* AlarmView.swift */ = {isa = PBXFileReference; lastKnownFileType = sourcecode.swift; path = AlarmView.swift; sourceTree = "<group>"; };
		5F5B92DA25FA75BE00AE8F0A /* Bellbird.app */ = {isa = PBXFileReference; explicitFileType = wrapper.application; includeInIndex = 0; path = Bellbird.app; sourceTree = BUILT_PRODUCTS_DIR; };
		5F5B92DD25FA75BE00AE8F0A /* AppDelegate.swift */ = {isa = PBXFileReference; lastKnownFileType = sourcecode.swift; path = AppDelegate.swift; sourceTree = "<group>"; };
		5F5B92DF25FA75BE00AE8F0A /* SceneDelegate.swift */ = {isa = PBXFileReference; lastKnownFileType = sourcecode.swift; path = SceneDelegate.swift; sourceTree = "<group>"; };
		5F5B92E125FA75BE00AE8F0A /* ContentView.swift */ = {isa = PBXFileReference; lastKnownFileType = sourcecode.swift; path = ContentView.swift; sourceTree = "<group>"; };
		5F5B92E325FA75C000AE8F0A /* Assets.xcassets */ = {isa = PBXFileReference; lastKnownFileType = folder.assetcatalog; path = Assets.xcassets; sourceTree = "<group>"; };
		5F5B92E625FA75C000AE8F0A /* Preview Assets.xcassets */ = {isa = PBXFileReference; lastKnownFileType = folder.assetcatalog; path = "Preview Assets.xcassets"; sourceTree = "<group>"; };
		5F5B92EB25FA75C000AE8F0A /* Info.plist */ = {isa = PBXFileReference; lastKnownFileType = text.plist.xml; path = Info.plist; sourceTree = "<group>"; };
		5F5B92F025FA75C000AE8F0A /* BellbirdTests.xctest */ = {isa = PBXFileReference; explicitFileType = wrapper.cfbundle; includeInIndex = 0; path = BellbirdTests.xctest; sourceTree = BUILT_PRODUCTS_DIR; };
		5F5B92F425FA75C000AE8F0A /* BellbirdTests.swift */ = {isa = PBXFileReference; lastKnownFileType = sourcecode.swift; path = BellbirdTests.swift; sourceTree = "<group>"; };
		5F5B92F625FA75C000AE8F0A /* Info.plist */ = {isa = PBXFileReference; lastKnownFileType = text.plist.xml; path = Info.plist; sourceTree = "<group>"; };
		5F5B92FB25FA75C000AE8F0A /* BellbirdUITests.xctest */ = {isa = PBXFileReference; explicitFileType = wrapper.cfbundle; includeInIndex = 0; path = BellbirdUITests.xctest; sourceTree = BUILT_PRODUCTS_DIR; };
		5F5B92FF25FA75C000AE8F0A /* BellbirdUITests.swift */ = {isa = PBXFileReference; lastKnownFileType = sourcecode.swift; path = BellbirdUITests.swift; sourceTree = "<group>"; };
		5F5B930125FA75C000AE8F0A /* Info.plist */ = {isa = PBXFileReference; lastKnownFileType = text.plist.xml; path = Info.plist; sourceTree = "<group>"; };
		5F73C422260BA67600D64D1B /* Alarm.swift */ = {isa = PBXFileReference; lastKnownFileType = sourcecode.swift; path = Alarm.swift; sourceTree = "<group>"; };
		5F73C426260BAC9600D64D1B /* PassiveView.swift */ = {isa = PBXFileReference; lastKnownFileType = sourcecode.swift; path = PassiveView.swift; sourceTree = "<group>"; };
		5F73C428260BACBA00D64D1B /* GroupAlarmView.swift */ = {isa = PBXFileReference; lastKnownFileType = sourcecode.swift; path = GroupAlarmView.swift; sourceTree = "<group>"; };
		5F73C42C260BACD500D64D1B /* RepeaterView.swift */ = {isa = PBXFileReference; lastKnownFileType = sourcecode.swift; path = RepeaterView.swift; sourceTree = "<group>"; };
		5FA4EF37262E362D005FC93C /* GroupAlarm.swift */ = {isa = PBXFileReference; lastKnownFileType = sourcecode.swift; path = GroupAlarm.swift; sourceTree = "<group>"; };
		5FAB0320262F27B800477E12 /* LaunchScreen.storyboard */ = {isa = PBXFileReference; fileEncoding = 4; lastKnownFileType = file.storyboard; path = LaunchScreen.storyboard; sourceTree = "<group>"; };
		5FC39A7A26275A8500447F82 /* DeleteButtonView.swift */ = {isa = PBXFileReference; lastKnownFileType = sourcecode.swift; path = DeleteButtonView.swift; sourceTree = "<group>"; };
		EF2653BF26440E6E0074D968 /* LocalNotificationManager.swift */ = {isa = PBXFileReference; lastKnownFileType = sourcecode.swift; path = LocalNotificationManager.swift; sourceTree = "<group>"; };
		EF2653C126441FD70074D968 /* blackbird.mp3 */ = {isa = PBXFileReference; lastKnownFileType = audio.mp3; path = blackbird.mp3; sourceTree = "<group>"; };
/* End PBXFileReference section */

/* Begin PBXFrameworksBuildPhase section */
		5F5B92D725FA75BE00AE8F0A /* Frameworks */ = {
			isa = PBXFrameworksBuildPhase;
			buildActionMask = 2147483647;
			files = (
			);
			runOnlyForDeploymentPostprocessing = 0;
		};
		5F5B92ED25FA75C000AE8F0A /* Frameworks */ = {
			isa = PBXFrameworksBuildPhase;
			buildActionMask = 2147483647;
			files = (
			);
			runOnlyForDeploymentPostprocessing = 0;
		};
		5F5B92F825FA75C000AE8F0A /* Frameworks */ = {
			isa = PBXFrameworksBuildPhase;
			buildActionMask = 2147483647;
			files = (
			);
			runOnlyForDeploymentPostprocessing = 0;
		};
/* End PBXFrameworksBuildPhase section */

/* Begin PBXGroup section */
		5F5B92D125FA75BE00AE8F0A = {
			isa = PBXGroup;
			children = (
				EF2653BF26440E6E0074D968 /* LocalNotificationManager.swift */,
				5F5B92DC25FA75BE00AE8F0A /* Bellbird */,
				5F5B92F325FA75C000AE8F0A /* BellbirdTests */,
				5F5B92FE25FA75C000AE8F0A /* BellbirdUITests */,
				5F5B92DB25FA75BE00AE8F0A /* Products */,
			);
			sourceTree = "<group>";
		};
		5F5B92DB25FA75BE00AE8F0A /* Products */ = {
			isa = PBXGroup;
			children = (
				5F5B92DA25FA75BE00AE8F0A /* Bellbird.app */,
				5F5B92F025FA75C000AE8F0A /* BellbirdTests.xctest */,
				5F5B92FB25FA75C000AE8F0A /* BellbirdUITests.xctest */,
			);
			name = Products;
			sourceTree = "<group>";
		};
		5F5B92DC25FA75BE00AE8F0A /* Bellbird */ = {
			isa = PBXGroup;
			children = (
				EF2653C126441FD70074D968 /* blackbird.mp3 */,
				5F5B92DD25FA75BE00AE8F0A /* AppDelegate.swift */,
				5F5B92DF25FA75BE00AE8F0A /* SceneDelegate.swift */,
				5F22DA9D26375D9F00F1CE70 /* AddAlarmView.swift */,
				5F5B92E125FA75BE00AE8F0A /* ContentView.swift */,
				5F73C42C260BACD500D64D1B /* RepeaterView.swift */,
				5FA4EF37262E362D005FC93C /* GroupAlarm.swift */,
				5F22DA9F2637707A00F1CE70 /* AddGroupView.swift */,
				5F73C422260BA67600D64D1B /* Alarm.swift */,
				5F019370263C485D00EEF0E2 /* TimebombView.swift */,
				5FC39A7A26275A8500447F82 /* DeleteButtonView.swift */,
				5F5B8F49261CB31600A1E4E9 /* AlarmView.swift */,
				5F73C428260BACBA00D64D1B /* GroupAlarmView.swift */,
				5F22DAA32637708E00F1CE70 /* AddRepeaterView.swift */,
				5F01936E263C410900EEF0E2 /* Repeater.swift */,
				5F22DAA12637708500F1CE70 /* AddTimebombView.swift */,
				5F22DAA5263869AC00F1CE70 /* Timebomb.swift */,
				5F01936C263C350400EEF0E2 /* ActiveView.swift */,
				5F73C426260BAC9600D64D1B /* PassiveView.swift */,
				5F5B92E325FA75C000AE8F0A /* Assets.xcassets */,
				5F5B92EB25FA75C000AE8F0A /* Info.plist */,
				5FAB0320262F27B800477E12 /* LaunchScreen.storyboard */,
				5F5B92E525FA75C000AE8F0A /* Preview Content */,
			);
			path = Bellbird;
			sourceTree = "<group>";
		};
		5F5B92E525FA75C000AE8F0A /* Preview Content */ = {
			isa = PBXGroup;
			children = (
				5F5B92E625FA75C000AE8F0A /* Preview Assets.xcassets */,
			);
			path = "Preview Content";
			sourceTree = "<group>";
		};
		5F5B92F325FA75C000AE8F0A /* BellbirdTests */ = {
			isa = PBXGroup;
			children = (
				5F5B92F425FA75C000AE8F0A /* BellbirdTests.swift */,
				5F5B92F625FA75C000AE8F0A /* Info.plist */,
			);
			path = BellbirdTests;
			sourceTree = "<group>";
		};
		5F5B92FE25FA75C000AE8F0A /* BellbirdUITests */ = {
			isa = PBXGroup;
			children = (
				5F5B92FF25FA75C000AE8F0A /* BellbirdUITests.swift */,
				5F5B930125FA75C000AE8F0A /* Info.plist */,
			);
			path = BellbirdUITests;
			sourceTree = "<group>";
		};
/* End PBXGroup section */

/* Begin PBXNativeTarget section */
		5F5B92D925FA75BE00AE8F0A /* Bellbird */ = {
			isa = PBXNativeTarget;
			buildConfigurationList = 5F5B930425FA75C000AE8F0A /* Build configuration list for PBXNativeTarget "Bellbird" */;
			buildPhases = (
				5F5B92D625FA75BE00AE8F0A /* Sources */,
				5F5B92D725FA75BE00AE8F0A /* Frameworks */,
				5F5B92D825FA75BE00AE8F0A /* Resources */,
			);
			buildRules = (
			);
			dependencies = (
			);
			name = Bellbird;
			productName = Bellbird;
			productReference = 5F5B92DA25FA75BE00AE8F0A /* Bellbird.app */;
			productType = "com.apple.product-type.application";
		};
		5F5B92EF25FA75C000AE8F0A /* BellbirdTests */ = {
			isa = PBXNativeTarget;
			buildConfigurationList = 5F5B930725FA75C000AE8F0A /* Build configuration list for PBXNativeTarget "BellbirdTests" */;
			buildPhases = (
				5F5B92EC25FA75C000AE8F0A /* Sources */,
				5F5B92ED25FA75C000AE8F0A /* Frameworks */,
				5F5B92EE25FA75C000AE8F0A /* Resources */,
			);
			buildRules = (
			);
			dependencies = (
				5F5B92F225FA75C000AE8F0A /* PBXTargetDependency */,
			);
			name = BellbirdTests;
			productName = BellbirdTests;
			productReference = 5F5B92F025FA75C000AE8F0A /* BellbirdTests.xctest */;
			productType = "com.apple.product-type.bundle.unit-test";
		};
		5F5B92FA25FA75C000AE8F0A /* BellbirdUITests */ = {
			isa = PBXNativeTarget;
			buildConfigurationList = 5F5B930A25FA75C000AE8F0A /* Build configuration list for PBXNativeTarget "BellbirdUITests" */;
			buildPhases = (
				5F5B92F725FA75C000AE8F0A /* Sources */,
				5F5B92F825FA75C000AE8F0A /* Frameworks */,
				5F5B92F925FA75C000AE8F0A /* Resources */,
			);
			buildRules = (
			);
			dependencies = (
				5F5B92FD25FA75C000AE8F0A /* PBXTargetDependency */,
			);
			name = BellbirdUITests;
			productName = BellbirdUITests;
			productReference = 5F5B92FB25FA75C000AE8F0A /* BellbirdUITests.xctest */;
			productType = "com.apple.product-type.bundle.ui-testing";
		};
/* End PBXNativeTarget section */

/* Begin PBXProject section */
		5F5B92D225FA75BE00AE8F0A /* Project object */ = {
			isa = PBXProject;
			attributes = {
				LastSwiftUpdateCheck = 1160;
				LastUpgradeCheck = 1160;
				ORGANIZATIONNAME = "Brandyn Cronin (student LM)";
				TargetAttributes = {
					5F5B92D925FA75BE00AE8F0A = {
						CreatedOnToolsVersion = 11.6;
					};
					5F5B92EF25FA75C000AE8F0A = {
						CreatedOnToolsVersion = 11.6;
						TestTargetID = 5F5B92D925FA75BE00AE8F0A;
					};
					5F5B92FA25FA75C000AE8F0A = {
						CreatedOnToolsVersion = 11.6;
						TestTargetID = 5F5B92D925FA75BE00AE8F0A;
					};
				};
			};
			buildConfigurationList = 5F5B92D525FA75BE00AE8F0A /* Build configuration list for PBXProject "Bellbird" */;
			compatibilityVersion = "Xcode 9.3";
			developmentRegion = en;
			hasScannedForEncodings = 0;
			knownRegions = (
				en,
				Base,
			);
			mainGroup = 5F5B92D125FA75BE00AE8F0A;
			productRefGroup = 5F5B92DB25FA75BE00AE8F0A /* Products */;
			projectDirPath = "";
			projectRoot = "";
			targets = (
				5F5B92D925FA75BE00AE8F0A /* Bellbird */,
				5F5B92EF25FA75C000AE8F0A /* BellbirdTests */,
				5F5B92FA25FA75C000AE8F0A /* BellbirdUITests */,
			);
		};
/* End PBXProject section */

/* Begin PBXResourcesBuildPhase section */
		5F5B92D825FA75BE00AE8F0A /* Resources */ = {
			isa = PBXResourcesBuildPhase;
			buildActionMask = 2147483647;
			files = (
				5FAB0321262F27B800477E12 /* LaunchScreen.storyboard in Resources */,
				EF2653C226441FD70074D968 /* blackbird.mp3 in Resources */,
				5F5B92E725FA75C000AE8F0A /* Preview Assets.xcassets in Resources */,
				5F5B92E425FA75C000AE8F0A /* Assets.xcassets in Resources */,
			);
			runOnlyForDeploymentPostprocessing = 0;
		};
		5F5B92EE25FA75C000AE8F0A /* Resources */ = {
			isa = PBXResourcesBuildPhase;
			buildActionMask = 2147483647;
			files = (
			);
			runOnlyForDeploymentPostprocessing = 0;
		};
		5F5B92F925FA75C000AE8F0A /* Resources */ = {
			isa = PBXResourcesBuildPhase;
			buildActionMask = 2147483647;
			files = (
			);
			runOnlyForDeploymentPostprocessing = 0;
		};
/* End PBXResourcesBuildPhase section */

/* Begin PBXSourcesBuildPhase section */
		5F5B92D625FA75BE00AE8F0A /* Sources */ = {
			isa = PBXSourcesBuildPhase;
			buildActionMask = 2147483647;
			files = (
				5F5B92DE25FA75BE00AE8F0A /* AppDelegate.swift in Sources */,
				5F73C429260BACBA00D64D1B /* GroupAlarmView.swift in Sources */,
				5F01936D263C350400EEF0E2 /* ActiveView.swift in Sources */,
				5F019371263C485D00EEF0E2 /* TimebombView.swift in Sources */,
				5F22DA9E26375D9F00F1CE70 /* AddAlarmView.swift in Sources */,
				5F5B8F4A261CB31600A1E4E9 /* AlarmView.swift in Sources */,
				5F5B92E025FA75BE00AE8F0A /* SceneDelegate.swift in Sources */,
				5F73C427260BAC9600D64D1B /* PassiveView.swift in Sources */,
				5F73C42D260BACD500D64D1B /* RepeaterView.swift in Sources */,
				5F22DAA6263869AC00F1CE70 /* Timebomb.swift in Sources */,
				5F01936F263C410900EEF0E2 /* Repeater.swift in Sources */,
				5F5B92E225FA75BE00AE8F0A /* ContentView.swift in Sources */,
				5F22DAA02637707A00F1CE70 /* AddGroupView.swift in Sources */,
				5FA4EF38262E362D005FC93C /* GroupAlarm.swift in Sources */,
				5F22DAA22637708500F1CE70 /* AddTimebombView.swift in Sources */,
				EF2653C026440E6E0074D968 /* LocalNotificationManager.swift in Sources */,
				5F73C423260BA67600D64D1B /* Alarm.swift in Sources */,
				5FC39A7B26275A8500447F82 /* DeleteButtonView.swift in Sources */,
				5F22DAA42637708E00F1CE70 /* AddRepeaterView.swift in Sources */,
			);
			runOnlyForDeploymentPostprocessing = 0;
		};
		5F5B92EC25FA75C000AE8F0A /* Sources */ = {
			isa = PBXSourcesBuildPhase;
			buildActionMask = 2147483647;
			files = (
				5F5B92F525FA75C000AE8F0A /* BellbirdTests.swift in Sources */,
			);
			runOnlyForDeploymentPostprocessing = 0;
		};
		5F5B92F725FA75C000AE8F0A /* Sources */ = {
			isa = PBXSourcesBuildPhase;
			buildActionMask = 2147483647;
			files = (
				5F5B930025FA75C000AE8F0A /* BellbirdUITests.swift in Sources */,
			);
			runOnlyForDeploymentPostprocessing = 0;
		};
/* End PBXSourcesBuildPhase section */

/* Begin PBXTargetDependency section */
		5F5B92F225FA75C000AE8F0A /* PBXTargetDependency */ = {
			isa = PBXTargetDependency;
			target = 5F5B92D925FA75BE00AE8F0A /* Bellbird */;
			targetProxy = 5F5B92F125FA75C000AE8F0A /* PBXContainerItemProxy */;
		};
		5F5B92FD25FA75C000AE8F0A /* PBXTargetDependency */ = {
			isa = PBXTargetDependency;
			target = 5F5B92D925FA75BE00AE8F0A /* Bellbird */;
			targetProxy = 5F5B92FC25FA75C000AE8F0A /* PBXContainerItemProxy */;
		};
/* End PBXTargetDependency section */

/* Begin XCBuildConfiguration section */
		5F5B930225FA75C000AE8F0A /* Debug */ = {
			isa = XCBuildConfiguration;
			buildSettings = {
				ALWAYS_SEARCH_USER_PATHS = NO;
				CLANG_ANALYZER_NONNULL = YES;
				CLANG_ANALYZER_NUMBER_OBJECT_CONVERSION = YES_AGGRESSIVE;
				CLANG_CXX_LANGUAGE_STANDARD = "gnu++14";
				CLANG_CXX_LIBRARY = "libc++";
				CLANG_ENABLE_MODULES = YES;
				CLANG_ENABLE_OBJC_ARC = YES;
				CLANG_ENABLE_OBJC_WEAK = YES;
				CLANG_WARN_BLOCK_CAPTURE_AUTORELEASING = YES;
				CLANG_WARN_BOOL_CONVERSION = YES;
				CLANG_WARN_COMMA = YES;
				CLANG_WARN_CONSTANT_CONVERSION = YES;
				CLANG_WARN_DEPRECATED_OBJC_IMPLEMENTATIONS = YES;
				CLANG_WARN_DIRECT_OBJC_ISA_USAGE = YES_ERROR;
				CLANG_WARN_DOCUMENTATION_COMMENTS = YES;
				CLANG_WARN_EMPTY_BODY = YES;
				CLANG_WARN_ENUM_CONVERSION = YES;
				CLANG_WARN_INFINITE_RECURSION = YES;
				CLANG_WARN_INT_CONVERSION = YES;
				CLANG_WARN_NON_LITERAL_NULL_CONVERSION = YES;
				CLANG_WARN_OBJC_IMPLICIT_RETAIN_SELF = YES;
				CLANG_WARN_OBJC_LITERAL_CONVERSION = YES;
				CLANG_WARN_OBJC_ROOT_CLASS = YES_ERROR;
				CLANG_WARN_RANGE_LOOP_ANALYSIS = YES;
				CLANG_WARN_STRICT_PROTOTYPES = YES;
				CLANG_WARN_SUSPICIOUS_MOVE = YES;
				CLANG_WARN_UNGUARDED_AVAILABILITY = YES_AGGRESSIVE;
				CLANG_WARN_UNREACHABLE_CODE = YES;
				CLANG_WARN__DUPLICATE_METHOD_MATCH = YES;
				COPY_PHASE_STRIP = NO;
				DEBUG_INFORMATION_FORMAT = dwarf;
				ENABLE_STRICT_OBJC_MSGSEND = YES;
				ENABLE_TESTABILITY = YES;
				GCC_C_LANGUAGE_STANDARD = gnu11;
				GCC_DYNAMIC_NO_PIC = NO;
				GCC_NO_COMMON_BLOCKS = YES;
				GCC_OPTIMIZATION_LEVEL = 0;
				GCC_PREPROCESSOR_DEFINITIONS = (
					"DEBUG=1",
					"$(inherited)",
				);
				GCC_WARN_64_TO_32_BIT_CONVERSION = YES;
				GCC_WARN_ABOUT_RETURN_TYPE = YES_ERROR;
				GCC_WARN_UNDECLARED_SELECTOR = YES;
				GCC_WARN_UNINITIALIZED_AUTOS = YES_AGGRESSIVE;
				GCC_WARN_UNUSED_FUNCTION = YES;
				GCC_WARN_UNUSED_VARIABLE = YES;
				IPHONEOS_DEPLOYMENT_TARGET = 13.6;
				MTL_ENABLE_DEBUG_INFO = INCLUDE_SOURCE;
				MTL_FAST_MATH = YES;
				ONLY_ACTIVE_ARCH = YES;
				SDKROOT = iphoneos;
				SWIFT_ACTIVE_COMPILATION_CONDITIONS = DEBUG;
				SWIFT_OPTIMIZATION_LEVEL = "-Onone";
			};
			name = Debug;
		};
		5F5B930325FA75C000AE8F0A /* Release */ = {
			isa = XCBuildConfiguration;
			buildSettings = {
				ALWAYS_SEARCH_USER_PATHS = NO;
				CLANG_ANALYZER_NONNULL = YES;
				CLANG_ANALYZER_NUMBER_OBJECT_CONVERSION = YES_AGGRESSIVE;
				CLANG_CXX_LANGUAGE_STANDARD = "gnu++14";
				CLANG_CXX_LIBRARY = "libc++";
				CLANG_ENABLE_MODULES = YES;
				CLANG_ENABLE_OBJC_ARC = YES;
				CLANG_ENABLE_OBJC_WEAK = YES;
				CLANG_WARN_BLOCK_CAPTURE_AUTORELEASING = YES;
				CLANG_WARN_BOOL_CONVERSION = YES;
				CLANG_WARN_COMMA = YES;
				CLANG_WARN_CONSTANT_CONVERSION = YES;
				CLANG_WARN_DEPRECATED_OBJC_IMPLEMENTATIONS = YES;
				CLANG_WARN_DIRECT_OBJC_ISA_USAGE = YES_ERROR;
				CLANG_WARN_DOCUMENTATION_COMMENTS = YES;
				CLANG_WARN_EMPTY_BODY = YES;
				CLANG_WARN_ENUM_CONVERSION = YES;
				CLANG_WARN_INFINITE_RECURSION = YES;
				CLANG_WARN_INT_CONVERSION = YES;
				CLANG_WARN_NON_LITERAL_NULL_CONVERSION = YES;
				CLANG_WARN_OBJC_IMPLICIT_RETAIN_SELF = YES;
				CLANG_WARN_OBJC_LITERAL_CONVERSION = YES;
				CLANG_WARN_OBJC_ROOT_CLASS = YES_ERROR;
				CLANG_WARN_RANGE_LOOP_ANALYSIS = YES;
				CLANG_WARN_STRICT_PROTOTYPES = YES;
				CLANG_WARN_SUSPICIOUS_MOVE = YES;
				CLANG_WARN_UNGUARDED_AVAILABILITY = YES_AGGRESSIVE;
				CLANG_WARN_UNREACHABLE_CODE = YES;
				CLANG_WARN__DUPLICATE_METHOD_MATCH = YES;
				COPY_PHASE_STRIP = NO;
				DEBUG_INFORMATION_FORMAT = "dwarf-with-dsym";
				ENABLE_NS_ASSERTIONS = NO;
				ENABLE_STRICT_OBJC_MSGSEND = YES;
				GCC_C_LANGUAGE_STANDARD = gnu11;
				GCC_NO_COMMON_BLOCKS = YES;
				GCC_WARN_64_TO_32_BIT_CONVERSION = YES;
				GCC_WARN_ABOUT_RETURN_TYPE = YES_ERROR;
				GCC_WARN_UNDECLARED_SELECTOR = YES;
				GCC_WARN_UNINITIALIZED_AUTOS = YES_AGGRESSIVE;
				GCC_WARN_UNUSED_FUNCTION = YES;
				GCC_WARN_UNUSED_VARIABLE = YES;
				IPHONEOS_DEPLOYMENT_TARGET = 13.6;
				MTL_ENABLE_DEBUG_INFO = NO;
				MTL_FAST_MATH = YES;
				SDKROOT = iphoneos;
				SWIFT_COMPILATION_MODE = wholemodule;
				SWIFT_OPTIMIZATION_LEVEL = "-O";
				VALIDATE_PRODUCT = YES;
			};
			name = Release;
		};
		5F5B930525FA75C000AE8F0A /* Debug */ = {
			isa = XCBuildConfiguration;
			buildSettings = {
				ASSETCATALOG_COMPILER_APPICON_NAME = AppIcon;
				CODE_SIGN_STYLE = Automatic;
				DEVELOPMENT_ASSET_PATHS = "\"Bellbird/Preview Content\"";
				DEVELOPMENT_TEAM = 32Q62P2C23;
				ENABLE_PREVIEWS = YES;
				INFOPLIST_FILE = Bellbird/Info.plist;
				IPHONEOS_DEPLOYMENT_TARGET = 13.6;
				LD_RUNPATH_SEARCH_PATHS = (
					"$(inherited)",
					"@executable_path/Frameworks",
				);
				PRODUCT_BUNDLE_IDENTIFIER = Bellbird.Bellbird;
				PRODUCT_NAME = "$(TARGET_NAME)";
				SWIFT_VERSION = 5.0;
				TARGETED_DEVICE_FAMILY = "1,2";
			};
			name = Debug;
		};
		5F5B930625FA75C000AE8F0A /* Release */ = {
			isa = XCBuildConfiguration;
			buildSettings = {
				ASSETCATALOG_COMPILER_APPICON_NAME = AppIcon;
				CODE_SIGN_STYLE = Automatic;
				DEVELOPMENT_ASSET_PATHS = "\"Bellbird/Preview Content\"";
				DEVELOPMENT_TEAM = 32Q62P2C23;
				ENABLE_PREVIEWS = YES;
				INFOPLIST_FILE = Bellbird/Info.plist;
				IPHONEOS_DEPLOYMENT_TARGET = 13.6;
				LD_RUNPATH_SEARCH_PATHS = (
					"$(inherited)",
					"@executable_path/Frameworks",
				);
				PRODUCT_BUNDLE_IDENTIFIER = Bellbird.Bellbird;
				PRODUCT_NAME = "$(TARGET_NAME)";
				SWIFT_VERSION = 5.0;
				TARGETED_DEVICE_FAMILY = "1,2";
			};
			name = Release;
		};
		5F5B930825FA75C000AE8F0A /* Debug */ = {
			isa = XCBuildConfiguration;
			buildSettings = {
				ALWAYS_EMBED_SWIFT_STANDARD_LIBRARIES = YES;
				BUNDLE_LOADER = "$(TEST_HOST)";
				CODE_SIGN_STYLE = Automatic;
				INFOPLIST_FILE = BellbirdTests/Info.plist;
				IPHONEOS_DEPLOYMENT_TARGET = 13.6;
				LD_RUNPATH_SEARCH_PATHS = (
					"$(inherited)",
					"@executable_path/Frameworks",
					"@loader_path/Frameworks",
				);
				PRODUCT_BUNDLE_IDENTIFIER = Bellbird.BellbirdTests;
				PRODUCT_NAME = "$(TARGET_NAME)";
				SWIFT_VERSION = 5.0;
				TARGETED_DEVICE_FAMILY = "1,2";
				TEST_HOST = "$(BUILT_PRODUCTS_DIR)/Bellbird.app/Bellbird";
			};
			name = Debug;
		};
		5F5B930925FA75C000AE8F0A /* Release */ = {
			isa = XCBuildConfiguration;
			buildSettings = {
				ALWAYS_EMBED_SWIFT_STANDARD_LIBRARIES = YES;
				BUNDLE_LOADER = "$(TEST_HOST)";
				CODE_SIGN_STYLE = Automatic;
				INFOPLIST_FILE = BellbirdTests/Info.plist;
				IPHONEOS_DEPLOYMENT_TARGET = 13.6;
				LD_RUNPATH_SEARCH_PATHS = (
					"$(inherited)",
					"@executable_path/Frameworks",
					"@loader_path/Frameworks",
				);
				PRODUCT_BUNDLE_IDENTIFIER = Bellbird.BellbirdTests;
				PRODUCT_NAME = "$(TARGET_NAME)";
				SWIFT_VERSION = 5.0;
				TARGETED_DEVICE_FAMILY = "1,2";
				TEST_HOST = "$(BUILT_PRODUCTS_DIR)/Bellbird.app/Bellbird";
			};
			name = Release;
		};
		5F5B930B25FA75C000AE8F0A /* Debug */ = {
			isa = XCBuildConfiguration;
			buildSettings = {
				ALWAYS_EMBED_SWIFT_STANDARD_LIBRARIES = YES;
				CODE_SIGN_STYLE = Automatic;
				INFOPLIST_FILE = BellbirdUITests/Info.plist;
				LD_RUNPATH_SEARCH_PATHS = (
					"$(inherited)",
					"@executable_path/Frameworks",
					"@loader_path/Frameworks",
				);
				PRODUCT_BUNDLE_IDENTIFIER = Bellbird.BellbirdUITests;
				PRODUCT_NAME = "$(TARGET_NAME)";
				SWIFT_VERSION = 5.0;
				TARGETED_DEVICE_FAMILY = "1,2";
				TEST_TARGET_NAME = Bellbird;
			};
			name = Debug;
		};
		5F5B930C25FA75C000AE8F0A /* Release */ = {
			isa = XCBuildConfiguration;
			buildSettings = {
				ALWAYS_EMBED_SWIFT_STANDARD_LIBRARIES = YES;
				CODE_SIGN_STYLE = Automatic;
				INFOPLIST_FILE = BellbirdUITests/Info.plist;
				LD_RUNPATH_SEARCH_PATHS = (
					"$(inherited)",
					"@executable_path/Frameworks",
					"@loader_path/Frameworks",
				);
				PRODUCT_BUNDLE_IDENTIFIER = Bellbird.BellbirdUITests;
				PRODUCT_NAME = "$(TARGET_NAME)";
				SWIFT_VERSION = 5.0;
				TARGETED_DEVICE_FAMILY = "1,2";
				TEST_TARGET_NAME = Bellbird;
			};
			name = Release;
		};
/* End XCBuildConfiguration section */

/* Begin XCConfigurationList section */
		5F5B92D525FA75BE00AE8F0A /* Build configuration list for PBXProject "Bellbird" */ = {
			isa = XCConfigurationList;
			buildConfigurations = (
				5F5B930225FA75C000AE8F0A /* Debug */,
				5F5B930325FA75C000AE8F0A /* Release */,
			);
			defaultConfigurationIsVisible = 0;
			defaultConfigurationName = Release;
		};
		5F5B930425FA75C000AE8F0A /* Build configuration list for PBXNativeTarget "Bellbird" */ = {
			isa = XCConfigurationList;
			buildConfigurations = (
				5F5B930525FA75C000AE8F0A /* Debug */,
				5F5B930625FA75C000AE8F0A /* Release */,
			);
			defaultConfigurationIsVisible = 0;
			defaultConfigurationName = Release;
		};
		5F5B930725FA75C000AE8F0A /* Build configuration list for PBXNativeTarget "BellbirdTests" */ = {
			isa = XCConfigurationList;
			buildConfigurations = (
				5F5B930825FA75C000AE8F0A /* Debug */,
				5F5B930925FA75C000AE8F0A /* Release */,
			);
			defaultConfigurationIsVisible = 0;
			defaultConfigurationName = Release;
		};
		5F5B930A25FA75C000AE8F0A /* Build configuration list for PBXNativeTarget "BellbirdUITests" */ = {
			isa = XCConfigurationList;
			buildConfigurations = (
				5F5B930B25FA75C000AE8F0A /* Debug */,
				5F5B930C25FA75C000AE8F0A /* Release */,
			);
			defaultConfigurationIsVisible = 0;
			defaultConfigurationName = Release;
		};
/* End XCConfigurationList section */
	};
	rootObject = 5F5B92D225FA75BE00AE8F0A /* Project object */;
}
